
Microsoft Visual Studio Solution File, Format Version 12.00
# Visual Studio Version 16
VisualStudioVersion = 16.0.31321.278
MinimumVisualStudioVersion = 10.0.40219.1
Project("{9A19103F-16F7-4668-BE54-9A1E7A4F7556}") = "CanoeSlalomCompetitionsResults", "CanoeSlalomCompetitionsResults.csproj", "{C03A8471-C79F-43BB-8EE7-7D5E3C404997}"
EndProject
Global
	GlobalSection(SolutionConfigurationPlatforms) = preSolution
		Debug|Any CPU = Debug|Any CPU
		Release|Any CPU = Release|Any CPU
	EndGlobalSection
	GlobalSection(ProjectConfigurationPlatforms) = postSolution
		{C03A8471-C79F-43BB-8EE7-7D5E3C404997}.Debug|Any CPU.ActiveCfg = Debug|Any CPU
		{C03A8471-C79F-43BB-8EE7-7D5E3C404997}.Debug|Any CPU.Build.0 = Debug|Any CPU
		{C03A8471-C79F-43BB-8EE7-7D5E3C404997}.Release|Any CPU.ActiveCfg = Release|Any CPU
		{C03A8471-C79F-43BB-8EE7-7D5E3C404997}.Release|Any CPU.Build.0 = Release|Any CPU
	EndGlobalSection
	GlobalSection(SolutionProperties) = preSolution
		HideSolutionNode = FALSE
	EndGlobalSection
	GlobalSection(ExtensibilityGlobals) = postSolution
		SolutionGuid = {A4F07AED-A1AF-4B04-B829-7D1A1E9ED2B6}
	EndGlobalSection
EndGlobal
